
Microsoft Visual Studio Solution File, Format Version 12.00
# Visual Studio Version 16
VisualStudioVersion = 16.0.31402.337
MinimumVisualStudioVersion = 10.0.40219.1
Project("{FAE04EC0-301F-11D3-BF4B-00C04F79EFBC}") = "ManualCacheSystem", "ManualCacheSystem\ManualCacheSystem.csproj", "{FC5374C1-4AC4-4648-8339-70581CE9FCD3}"
EndProject
Global
	GlobalSection(SolutionConfigurationPlatforms) = preSolution
		Debug|Any CPU = Debug|Any CPU
		Release|Any CPU = Release|Any CPU
	EndGlobalSection
	GlobalSection(ProjectConfigurationPlatforms) = postSolution
		{FC5374C1-4AC4-4648-8339-70581CE9FCD3}.Debug|Any CPU.ActiveCfg = Debug|Any CPU
		{FC5374C1-4AC4-4648-8339-70581CE9FCD3}.Debug|Any CPU.Build.0 = Debug|Any CPU
		{FC5374C1-4AC4-4648-8339-70581CE9FCD3}.Release|Any CPU.ActiveCfg = Release|Any CPU
		{FC5374C1-4AC4-4648-8339-70581CE9FCD3}.Release|Any CPU.Build.0 = Release|Any CPU
	EndGlobalSection
	GlobalSection(SolutionProperties) = preSolution
		HideSolutionNode = FALSE
	EndGlobalSection
	GlobalSection(ExtensibilityGlobals) = postSolution
		SolutionGuid = {3E9F8CB9-DE9B-44E7-8292-002E0FD6F29B}
	EndGlobalSection
EndGlobal
