
Microsoft Visual Studio Solution File, Format Version 12.00
# Visual Studio Version 16
VisualStudioVersion = 16.0.31702.278
MinimumVisualStudioVersion = 10.0.40219.1
Project("{FAE04EC0-301F-11D3-BF4B-00C04F79EFBC}") = "FirstApp.Android", "FirstApp\FirstApp.Android\FirstApp.Android.csproj", "{E368A000-85C3-4BFB-9D2F-75FBA07EFA61}"
EndProject
Project("{FAE04EC0-301F-11D3-BF4B-00C04F79EFBC}") = "FirstApp.iOS", "FirstApp\FirstApp.iOS\FirstApp.iOS.csproj", "{AA5EA2E7-3625-477C-8BB0-22DC0BEE10BC}"
EndProject
Project("{9A19103F-16F7-4668-BE54-9A1E7A4F7556}") = "FirstApp", "FirstApp\FirstApp\FirstApp.csproj", "{350F3DD3-6050-4296-BB91-EE99EFF77CE0}"
EndProject
Project("{FAE04EC0-301F-11D3-BF4B-00C04F79EFBC}") = "FirstApp.Data", "FirstApp.Data\FirstApp.Data.csproj", "{5C26F830-3013-41DA-B598-4CD78D91F2F4}"
EndProject
Project("{FAE04EC0-301F-11D3-BF4B-00C04F79EFBC}") = "FirstApp.Data.Contract", "FirstApp.Contract\FirstApp.Data.Contract.csproj", "{8F34A42D-C27C-414A-BB2B-02BB49E61C3E}"
EndProject
Project("{FAE04EC0-301F-11D3-BF4B-00C04F79EFBC}") = "FirstApp.Data.Models", "FirstApp.Data.Models\FirstApp.Data.Models.csproj", "{EA36CC27-D2CF-4BA6-A236-163F27FEBE78}"
EndProject
Global
	GlobalSection(SolutionConfigurationPlatforms) = preSolution
		Debug|Any CPU = Debug|Any CPU
		Debug|iPhone = Debug|iPhone
		Debug|iPhoneSimulator = Debug|iPhoneSimulator
		Release|Any CPU = Release|Any CPU
		Release|iPhone = Release|iPhone
		Release|iPhoneSimulator = Release|iPhoneSimulator
	EndGlobalSection
	GlobalSection(ProjectConfigurationPlatforms) = postSolution
		{E368A000-85C3-4BFB-9D2F-75FBA07EFA61}.Debug|Any CPU.ActiveCfg = Debug|Any CPU
		{E368A000-85C3-4BFB-9D2F-75FBA07EFA61}.Debug|Any CPU.Build.0 = Debug|Any CPU
		{E368A000-85C3-4BFB-9D2F-75FBA07EFA61}.Debug|Any CPU.Deploy.0 = Debug|Any CPU
		{E368A000-85C3-4BFB-9D2F-75FBA07EFA61}.Debug|iPhone.ActiveCfg = Debug|Any CPU
		{E368A000-85C3-4BFB-9D2F-75FBA07EFA61}.Debug|iPhone.Build.0 = Debug|Any CPU
		{E368A000-85C3-4BFB-9D2F-75FBA07EFA61}.Debug|iPhone.Deploy.0 = Debug|Any CPU
		{E368A000-85C3-4BFB-9D2F-75FBA07EFA61}.Debug|iPhoneSimulator.ActiveCfg = Debug|Any CPU
		{E368A000-85C3-4BFB-9D2F-75FBA07EFA61}.Debug|iPhoneSimulator.Build.0 = Debug|Any CPU
		{E368A000-85C3-4BFB-9D2F-75FBA07EFA61}.Debug|iPhoneSimulator.Deploy.0 = Debug|Any CPU
		{E368A000-85C3-4BFB-9D2F-75FBA07EFA61}.Release|Any CPU.ActiveCfg = Release|Any CPU
		{E368A000-85C3-4BFB-9D2F-75FBA07EFA61}.Release|Any CPU.Build.0 = Release|Any CPU
		{E368A000-85C3-4BFB-9D2F-75FBA07EFA61}.Release|Any CPU.Deploy.0 = Release|Any CPU
		{E368A000-85C3-4BFB-9D2F-75FBA07EFA61}.Release|iPhone.ActiveCfg = Release|Any CPU
		{E368A000-85C3-4BFB-9D2F-75FBA07EFA61}.Release|iPhone.Build.0 = Release|Any CPU
		{E368A000-85C3-4BFB-9D2F-75FBA07EFA61}.Release|iPhone.Deploy.0 = Release|Any CPU
		{E368A000-85C3-4BFB-9D2F-75FBA07EFA61}.Release|iPhoneSimulator.ActiveCfg = Release|Any CPU
		{E368A000-85C3-4BFB-9D2F-75FBA07EFA61}.Release|iPhoneSimulator.Build.0 = Release|Any CPU
		{E368A000-85C3-4BFB-9D2F-75FBA07EFA61}.Release|iPhoneSimulator.Deploy.0 = Release|Any CPU
		{AA5EA2E7-3625-477C-8BB0-22DC0BEE10BC}.Debug|Any CPU.ActiveCfg = Debug|iPhone
		{AA5EA2E7-3625-477C-8BB0-22DC0BEE10BC}.Debug|Any CPU.Build.0 = Debug|iPhone
		{AA5EA2E7-3625-477C-8BB0-22DC0BEE10BC}.Debug|Any CPU.Deploy.0 = Debug|iPhone
		{AA5EA2E7-3625-477C-8BB0-22DC0BEE10BC}.Debug|iPhone.ActiveCfg = Debug|iPhone
		{AA5EA2E7-3625-477C-8BB0-22DC0BEE10BC}.Debug|iPhone.Build.0 = Debug|iPhone
		{AA5EA2E7-3625-477C-8BB0-22DC0BEE10BC}.Debug|iPhone.Deploy.0 = Debug|iPhone
		{AA5EA2E7-3625-477C-8BB0-22DC0BEE10BC}.Debug|iPhoneSimulator.ActiveCfg = Debug|iPhoneSimulator
		{AA5EA2E7-3625-477C-8BB0-22DC0BEE10BC}.Debug|iPhoneSimulator.Build.0 = Debug|iPhoneSimulator
		{AA5EA2E7-3625-477C-8BB0-22DC0BEE10BC}.Debug|iPhoneSimulator.Deploy.0 = Debug|iPhoneSimulator
		{AA5EA2E7-3625-477C-8BB0-22DC0BEE10BC}.Release|Any CPU.ActiveCfg = Release|iPhoneSimulator
		{AA5EA2E7-3625-477C-8BB0-22DC0BEE10BC}.Release|Any CPU.Build.0 = Release|iPhoneSimulator
		{AA5EA2E7-3625-477C-8BB0-22DC0BEE10BC}.Release|Any CPU.Deploy.0 = Release|iPhoneSimulator
		{AA5EA2E7-3625-477C-8BB0-22DC0BEE10BC}.Release|iPhone.ActiveCfg = Release|iPhone
		{AA5EA2E7-3625-477C-8BB0-22DC0BEE10BC}.Release|iPhone.Build.0 = Release|iPhone
		{AA5EA2E7-3625-477C-8BB0-22DC0BEE10BC}.Release|iPhone.Deploy.0 = Release|iPhone
		{AA5EA2E7-3625-477C-8BB0-22DC0BEE10BC}.Release|iPhoneSimulator.ActiveCfg = Release|iPhoneSimulator
		{AA5EA2E7-3625-477C-8BB0-22DC0BEE10BC}.Release|iPhoneSimulator.Build.0 = Release|iPhoneSimulator
		{AA5EA2E7-3625-477C-8BB0-22DC0BEE10BC}.Release|iPhoneSimulator.Deploy.0 = Release|iPhoneSimulator
		{350F3DD3-6050-4296-BB91-EE99EFF77CE0}.Debug|Any CPU.ActiveCfg = Debug|Any CPU
		{350F3DD3-6050-4296-BB91-EE99EFF77CE0}.Debug|Any CPU.Build.0 = Debug|Any CPU
		{350F3DD3-6050-4296-BB91-EE99EFF77CE0}.Debug|Any CPU.Deploy.0 = Debug|Any CPU
		{350F3DD3-6050-4296-BB91-EE99EFF77CE0}.Debug|iPhone.ActiveCfg = Debug|Any CPU
		{350F3DD3-6050-4296-BB91-EE99EFF77CE0}.Debug|iPhone.Build.0 = Debug|Any CPU
		{350F3DD3-6050-4296-BB91-EE99EFF77CE0}.Debug|iPhone.Deploy.0 = Debug|Any CPU
		{350F3DD3-6050-4296-BB91-EE99EFF77CE0}.Debug|iPhoneSimulator.ActiveCfg = Debug|Any CPU
		{350F3DD3-6050-4296-BB91-EE99EFF77CE0}.Debug|iPhoneSimulator.Build.0 = Debug|Any CPU
		{350F3DD3-6050-4296-BB91-EE99EFF77CE0}.Debug|iPhoneSimulator.Deploy.0 = Debug|Any CPU
		{350F3DD3-6050-4296-BB91-EE99EFF77CE0}.Release|Any CPU.ActiveCfg = Release|Any CPU
		{350F3DD3-6050-4296-BB91-EE99EFF77CE0}.Release|Any CPU.Build.0 = Release|Any CPU
		{350F3DD3-6050-4296-BB91-EE99EFF77CE0}.Release|Any CPU.Deploy.0 = Release|Any CPU
		{350F3DD3-6050-4296-BB91-EE99EFF77CE0}.Release|iPhone.ActiveCfg = Release|Any CPU
		{350F3DD3-6050-4296-BB91-EE99EFF77CE0}.Release|iPhone.Build.0 = Release|Any CPU
		{350F3DD3-6050-4296-BB91-EE99EFF77CE0}.Release|iPhone.Deploy.0 = Release|Any CPU
		{350F3DD3-6050-4296-BB91-EE99EFF77CE0}.Release|iPhoneSimulator.ActiveCfg = Release|Any CPU
		{350F3DD3-6050-4296-BB91-EE99EFF77CE0}.Release|iPhoneSimulator.Build.0 = Release|Any CPU
		{350F3DD3-6050-4296-BB91-EE99EFF77CE0}.Release|iPhoneSimulator.Deploy.0 = Release|Any CPU
		{5C26F830-3013-41DA-B598-4CD78D91F2F4}.Debug|Any CPU.ActiveCfg = Debug|Any CPU
		{5C26F830-3013-41DA-B598-4CD78D91F2F4}.Debug|Any CPU.Build.0 = Debug|Any CPU
		{5C26F830-3013-41DA-B598-4CD78D91F2F4}.Debug|iPhone.ActiveCfg = Debug|Any CPU
		{5C26F830-3013-41DA-B598-4CD78D91F2F4}.Debug|iPhone.Build.0 = Debug|Any CPU
		{5C26F830-3013-41DA-B598-4CD78D91F2F4}.Debug|iPhoneSimulator.ActiveCfg = Debug|Any CPU
		{5C26F830-3013-41DA-B598-4CD78D91F2F4}.Debug|iPhoneSimulator.Build.0 = Debug|Any CPU
		{5C26F830-3013-41DA-B598-4CD78D91F2F4}.Release|Any CPU.ActiveCfg = Release|Any CPU
		{5C26F830-3013-41DA-B598-4CD78D91F2F4}.Release|Any CPU.Build.0 = Release|Any CPU
		{5C26F830-3013-41DA-B598-4CD78D91F2F4}.Release|iPhone.ActiveCfg = Release|Any CPU
		{5C26F830-3013-41DA-B598-4CD78D91F2F4}.Release|iPhone.Build.0 = Release|Any CPU
		{5C26F830-3013-41DA-B598-4CD78D91F2F4}.Release|iPhoneSimulator.ActiveCfg = Release|Any CPU
		{5C26F830-3013-41DA-B598-4CD78D91F2F4}.Release|iPhoneSimulator.Build.0 = Release|Any CPU
		{8F34A42D-C27C-414A-BB2B-02BB49E61C3E}.Debug|Any CPU.ActiveCfg = Debug|Any CPU
		{8F34A42D-C27C-414A-BB2B-02BB49E61C3E}.Debug|Any CPU.Build.0 = Debug|Any CPU
		{8F34A42D-C27C-414A-BB2B-02BB49E61C3E}.Debug|iPhone.ActiveCfg = Debug|Any CPU
		{8F34A42D-C27C-414A-BB2B-02BB49E61C3E}.Debug|iPhone.Build.0 = Debug|Any CPU
		{8F34A42D-C27C-414A-BB2B-02BB49E61C3E}.Debug|iPhoneSimulator.ActiveCfg = Debug|Any CPU
		{8F34A42D-C27C-414A-BB2B-02BB49E61C3E}.Debug|iPhoneSimulator.Build.0 = Debug|Any CPU
		{8F34A42D-C27C-414A-BB2B-02BB49E61C3E}.Release|Any CPU.ActiveCfg = Release|Any CPU
		{8F34A42D-C27C-414A-BB2B-02BB49E61C3E}.Release|Any CPU.Build.0 = Release|Any CPU
		{8F34A42D-C27C-414A-BB2B-02BB49E61C3E}.Release|iPhone.ActiveCfg = Release|Any CPU
		{8F34A42D-C27C-414A-BB2B-02BB49E61C3E}.Release|iPhone.Build.0 = Release|Any CPU
		{8F34A42D-C27C-414A-BB2B-02BB49E61C3E}.Release|iPhoneSimulator.ActiveCfg = Release|Any CPU
		{8F34A42D-C27C-414A-BB2B-02BB49E61C3E}.Release|iPhoneSimulator.Build.0 = Release|Any CPU
		{EA36CC27-D2CF-4BA6-A236-163F27FEBE78}.Debug|Any CPU.ActiveCfg = Debug|Any CPU
		{EA36CC27-D2CF-4BA6-A236-163F27FEBE78}.Debug|Any CPU.Build.0 = Debug|Any CPU
		{EA36CC27-D2CF-4BA6-A236-163F27FEBE78}.Debug|iPhone.ActiveCfg = Debug|Any CPU
		{EA36CC27-D2CF-4BA6-A236-163F27FEBE78}.Debug|iPhone.Build.0 = Debug|Any CPU
		{EA36CC27-D2CF-4BA6-A236-163F27FEBE78}.Debug|iPhoneSimulator.ActiveCfg = Debug|Any CPU
		{EA36CC27-D2CF-4BA6-A236-163F27FEBE78}.Debug|iPhoneSimulator.Build.0 = Debug|Any CPU
		{EA36CC27-D2CF-4BA6-A236-163F27FEBE78}.Release|Any CPU.ActiveCfg = Release|Any CPU
		{EA36CC27-D2CF-4BA6-A236-163F27FEBE78}.Release|Any CPU.Build.0 = Release|Any CPU
		{EA36CC27-D2CF-4BA6-A236-163F27FEBE78}.Release|iPhone.ActiveCfg = Release|Any CPU
		{EA36CC27-D2CF-4BA6-A236-163F27FEBE78}.Release|iPhone.Build.0 = Release|Any CPU
		{EA36CC27-D2CF-4BA6-A236-163F27FEBE78}.Release|iPhoneSimulator.ActiveCfg = Release|Any CPU
		{EA36CC27-D2CF-4BA6-A236-163F27FEBE78}.Release|iPhoneSimulator.Build.0 = Release|Any CPU
	EndGlobalSection
	GlobalSection(SolutionProperties) = preSolution
		HideSolutionNode = FALSE
	EndGlobalSection
	GlobalSection(ExtensibilityGlobals) = postSolution
		SolutionGuid = {10632151-8913-4190-91D7-C244CD9B9E55}
	EndGlobalSection
EndGlobal
